// !$*UTF8*$!
{
	archiveVersion = 1;
	classes = {
	};
	objectVersion = 46;
	objects = {

/* Begin PBXBuildFile section */
		0B214B4C5F5F5F4D6B6BB692 /* Pods_GoodMovies.framework in Frameworks */ = {isa = PBXBuildFile; fileRef = 1FCC0A9B922648FC30320C0F /* Pods_GoodMovies.framework */; };
		4E00CDD71D806311002C96F7 /* LoginRegisterRouter.swift in Sources */ = {isa = PBXBuildFile; fileRef = 4E00CDD61D806311002C96F7 /* LoginRegisterRouter.swift */; };
		4E370AB81D6A2F2200C52A16 /* LoadingOverlay.swift in Sources */ = {isa = PBXBuildFile; fileRef = 4E370AB71D6A2F2200C52A16 /* LoadingOverlay.swift */; };
		4E370ABA1D6A3EE000C52A16 /* MovieLoadingTableViewCell.swift in Sources */ = {isa = PBXBuildFile; fileRef = 4E370AB91D6A3EE000C52A16 /* MovieLoadingTableViewCell.swift */; };
		4E370ABC1D6A4DC300C52A16 /* MovieAllLoadedTableViewCell.swift in Sources */ = {isa = PBXBuildFile; fileRef = 4E370ABB1D6A4DC300C52A16 /* MovieAllLoadedTableViewCell.swift */; };
		4E5EF7C11D75E20D002E1A95 /* SearchUserViewCell.swift in Sources */ = {isa = PBXBuildFile; fileRef = 4E5EF7C01D75E20D002E1A95 /* SearchUserViewCell.swift */; };
		4E88491F1D72EB2F002214FA /* GoogleService-Info.plist in Resources */ = {isa = PBXBuildFile; fileRef = 4E88491E1D72EB2F002214FA /* GoogleService-Info.plist */; };
		4E8BE3901D7EEF3B00BA68D2 /* TimelineViewController.swift in Sources */ = {isa = PBXBuildFile; fileRef = 4E8BE38F1D7EEF3B00BA68D2 /* TimelineViewController.swift */; };
		4E8BE3931D7EF04000BA68D2 /* TimelineCell.swift in Sources */ = {isa = PBXBuildFile; fileRef = 4E8BE3921D7EF04000BA68D2 /* TimelineCell.swift */; };
		4E8BE3971D7EFEE300BA68D2 /* TimelineEntry.swift in Sources */ = {isa = PBXBuildFile; fileRef = 4E8BE3961D7EFEE300BA68D2 /* TimelineEntry.swift */; };
		4EA4B1FF1D80B8FA0086ACA8 /* BCSColorPicker.swift in Sources */ = {isa = PBXBuildFile; fileRef = 4EA4B1FE1D80B8FA0086ACA8 /* BCSColorPicker.swift */; };
		4EA4B2011D80B9190086ACA8 /* FlatColors.swift in Sources */ = {isa = PBXBuildFile; fileRef = 4EA4B2001D80B9190086ACA8 /* FlatColors.swift */; };
		4EA4B2031D80C2E40086ACA8 /* ColorExtensions.swift in Sources */ = {isa = PBXBuildFile; fileRef = 4EA4B2021D80C2E40086ACA8 /* ColorExtensions.swift */; };
		4EAA62A71D75B705006C3CFC /* Extensions.swift in Sources */ = {isa = PBXBuildFile; fileRef = 4EAA62A61D75B705006C3CFC /* Extensions.swift */; };
		C22624381D6D88D000DEE400 /* UserProfileViewController.swift in Sources */ = {isa = PBXBuildFile; fileRef = C22624371D6D88D000DEE400 /* UserProfileViewController.swift */; };
		C226243B1D6D8C3F00DEE400 /* UserProfileInfoViewCell.swift in Sources */ = {isa = PBXBuildFile; fileRef = C226243A1D6D8C3F00DEE400 /* UserProfileInfoViewCell.swift */; };
		C226243E1D6D926400DEE400 /* UserProfilePickerCell.swift in Sources */ = {isa = PBXBuildFile; fileRef = C226243D1D6D926400DEE400 /* UserProfilePickerCell.swift */; };
		C22624401D6DA2AE00DEE400 /* UserProfileMovieCell.swift in Sources */ = {isa = PBXBuildFile; fileRef = C226243F1D6DA2AE00DEE400 /* UserProfileMovieCell.swift */; };
		C22624421D6DC6F300DEE400 /* User.swift in Sources */ = {isa = PBXBuildFile; fileRef = C22624411D6DC6F300DEE400 /* User.swift */; };
		C23026A61D7FF097003AAAFF /* TimelineRouter.swift in Sources */ = {isa = PBXBuildFile; fileRef = C23026A51D7FF097003AAAFF /* TimelineRouter.swift */; };
		C23026AC1D800314003AAAFF /* UserSettingsViewModel.swift in Sources */ = {isa = PBXBuildFile; fileRef = C23026AB1D800314003AAAFF /* UserSettingsViewModel.swift */; };
		C23026AE1D80034C003AAAFF /* UserSettingsViewController.swift in Sources */ = {isa = PBXBuildFile; fileRef = C23026AD1D80034C003AAAFF /* UserSettingsViewController.swift */; };
		C23026B11D801646003AAAFF /* SettingsStandardViewCell.swift in Sources */ = {isa = PBXBuildFile; fileRef = C23026B01D801646003AAAFF /* SettingsStandardViewCell.swift */; };
		C23026B31D80249E003AAAFF /* UserSettingsRouter.swift in Sources */ = {isa = PBXBuildFile; fileRef = C23026B21D80249E003AAAFF /* UserSettingsRouter.swift */; };
		C23026B51D80283E003AAAFF /* StorageAdapter.swift in Sources */ = {isa = PBXBuildFile; fileRef = C23026B41D80283E003AAAFF /* StorageAdapter.swift */; };
		C2321B1F1D5DCB0600223DBF /* LoginViewController.swift in Sources */ = {isa = PBXBuildFile; fileRef = C2321B1E1D5DCB0600223DBF /* LoginViewController.swift */; };
		C2321B211D5DCB1400223DBF /* LoginViewModel.swift in Sources */ = {isa = PBXBuildFile; fileRef = C2321B201D5DCB1400223DBF /* LoginViewModel.swift */; };
		C2321B251D5DE0C200223DBF /* Structs.swift in Sources */ = {isa = PBXBuildFile; fileRef = C2321B241D5DE0C200223DBF /* Structs.swift */; };
		C26B14C71D6B207D000C1BD9 /* Main.storyboard in Resources */ = {isa = PBXBuildFile; fileRef = C26B14C51D6B207D000C1BD9 /* Main.storyboard */; };
		C26B14C91D6B21F4000C1BD9 /* MovieInfoTableViewController.swift in Sources */ = {isa = PBXBuildFile; fileRef = C26B14C81D6B21F4000C1BD9 /* MovieInfoTableViewController.swift */; };
		C281708D1D6EC52800E00408 /* UserProfileViewModel.swift in Sources */ = {isa = PBXBuildFile; fileRef = C281708C1D6EC52800E00408 /* UserProfileViewModel.swift */; };
		C281708F1D6EC5B800E00408 /* UserProfileRouter.swift in Sources */ = {isa = PBXBuildFile; fileRef = C281708E1D6EC5B800E00408 /* UserProfileRouter.swift */; };
		C284D2EA1D6B17E000F7B2A3 /* MovieInfoTitleCell.swift in Sources */ = {isa = PBXBuildFile; fileRef = C284D2E91D6B17E000F7B2A3 /* MovieInfoTitleCell.swift */; };
		C2A25C881D814F9700936BFE /* TimelineViewModel.swift in Sources */ = {isa = PBXBuildFile; fileRef = 4E8BE3941D7EFE9800BA68D2 /* TimelineViewModel.swift */; };
		C2A25C8B1D81503500936BFE /* TimelineTests.swift in Sources */ = {isa = PBXBuildFile; fileRef = C2A25C831D814ED500936BFE /* TimelineTests.swift */; };
		C2A25C8E1D815A6900936BFE /* USChangePasswordViewController.swift in Sources */ = {isa = PBXBuildFile; fileRef = C2A25C8D1D815A6900936BFE /* USChangePasswordViewController.swift */; };
		C2A25C901D8173CF00936BFE /* USChangeEmailViewController.swift in Sources */ = {isa = PBXBuildFile; fileRef = C2A25C8F1D8173CF00936BFE /* USChangeEmailViewController.swift */; };
		C2A25C921D8183A200936BFE /* UserSettingsTests.swift in Sources */ = {isa = PBXBuildFile; fileRef = C2A25C911D8183A200936BFE /* UserSettingsTests.swift */; };
		C2A25C941D81869300936BFE /* UserProfileTests.swift in Sources */ = {isa = PBXBuildFile; fileRef = C2A25C931D81869300936BFE /* UserProfileTests.swift */; };
		C2A25C961D818C7500936BFE /* MovieInfoTests.swift in Sources */ = {isa = PBXBuildFile; fileRef = C2A25C951D818C7500936BFE /* MovieInfoTests.swift */; };
		C2A25C981D818E6B00936BFE /* SearchTests.swift in Sources */ = {isa = PBXBuildFile; fileRef = C2A25C971D818E6B00936BFE /* SearchTests.swift */; };
		C2B9CBAD1D6C159C00AF64D1 /* MovieInfoPosterCell.swift in Sources */ = {isa = PBXBuildFile; fileRef = C2B9CBAC1D6C159C00AF64D1 /* MovieInfoPosterCell.swift */; };
		C2B9CBAF1D6C227A00AF64D1 /* MovieInfoCreditCell.swift in Sources */ = {isa = PBXBuildFile; fileRef = C2B9CBAE1D6C227A00AF64D1 /* MovieInfoCreditCell.swift */; };
		C2B9CBB11D6C2CD100AF64D1 /* MovieInfoPlotCell.swift in Sources */ = {isa = PBXBuildFile; fileRef = C2B9CBB01D6C2CD100AF64D1 /* MovieInfoPlotCell.swift */; };
		C2B9CBB31D6C469C00AF64D1 /* MovieInfoNetwork.swift in Sources */ = {isa = PBXBuildFile; fileRef = C2B9CBB21D6C469C00AF64D1 /* MovieInfoNetwork.swift */; };
		C2BF46971D6ACF56006B86D7 /* SearchRouter.swift in Sources */ = {isa = PBXBuildFile; fileRef = C2BF46961D6ACF56006B86D7 /* SearchRouter.swift */; };
		C2BF469B1D6AD6CF006B86D7 /* Router.swift in Sources */ = {isa = PBXBuildFile; fileRef = C2BF469A1D6AD6CF006B86D7 /* Router.swift */; };
		C2BF469E1D6AE4C1006B86D7 /* MovieInfoViewModel.swift in Sources */ = {isa = PBXBuildFile; fileRef = C2BF469D1D6AE4C1006B86D7 /* MovieInfoViewModel.swift */; };
		C2BF46A01D6AE4DB006B86D7 /* MovieDetail.swift in Sources */ = {isa = PBXBuildFile; fileRef = C2BF469F1D6AE4DB006B86D7 /* MovieDetail.swift */; };
		C2C3FB9A1D65806C003863FF /* Presentations.swift in Sources */ = {isa = PBXBuildFile; fileRef = C2C3FB991D65806C003863FF /* Presentations.swift */; };
		C2DD76631D61DB8000626786 /* RegisterViewController.swift in Sources */ = {isa = PBXBuildFile; fileRef = C2DD76621D61DB8000626786 /* RegisterViewController.swift */; };
		C2DD76651D61DBA300626786 /* RegisterViewModel.swift in Sources */ = {isa = PBXBuildFile; fileRef = C2DD76641D61DBA300626786 /* RegisterViewModel.swift */; };
		C2DE131B1D5DC88C00698C12 /* AppDelegate.swift in Sources */ = {isa = PBXBuildFile; fileRef = C2DE131A1D5DC88C00698C12 /* AppDelegate.swift */; };
		C2DE13221D5DC88C00698C12 /* Assets.xcassets in Resources */ = {isa = PBXBuildFile; fileRef = C2DE13211D5DC88C00698C12 /* Assets.xcassets */; };
		C2DE13251D5DC88C00698C12 /* LaunchScreen.storyboard in Resources */ = {isa = PBXBuildFile; fileRef = C2DE13231D5DC88C00698C12 /* LaunchScreen.storyboard */; };
		C2E07CAA1D66E91F00244D5E /* SearchNetwork.swift in Sources */ = {isa = PBXBuildFile; fileRef = C2E07CA91D66E91F00244D5E /* SearchNetwork.swift */; };
		C2E07CAC1D66E9E300244D5E /* Network.swift in Sources */ = {isa = PBXBuildFile; fileRef = C2E07CAB1D66E9E300244D5E /* Network.swift */; };
		C2E627B41D8036BE00E328AD /* PopupMessage.swift in Sources */ = {isa = PBXBuildFile; fileRef = C2E627B31D8036BE00E328AD /* PopupMessage.swift */; };
		C2E797AC1D62EA13007013CC /* TabsViewController.swift in Sources */ = {isa = PBXBuildFile; fileRef = C2E797AB1D62EA13007013CC /* TabsViewController.swift */; };
		C2ECC3961D64372F0024A257 /* Movie.swift in Sources */ = {isa = PBXBuildFile; fileRef = C2ECC3951D64372F0024A257 /* Movie.swift */; };
		C2ECC3991D6438E30024A257 /* SearchViewController.swift in Sources */ = {isa = PBXBuildFile; fileRef = C2ECC3981D6438E30024A257 /* SearchViewController.swift */; };
		C2ECC39B1D644AC60024A257 /* SearchViewModel.swift in Sources */ = {isa = PBXBuildFile; fileRef = C2ECC39A1D644AC60024A257 /* SearchViewModel.swift */; };
		C2ECC39D1D64580C0024A257 /* UserTransaction.swift in Sources */ = {isa = PBXBuildFile; fileRef = C2ECC39C1D64580C0024A257 /* UserTransaction.swift */; };
		C2ECC39F1D6459D00024A257 /* DatabaseAdapter.swift in Sources */ = {isa = PBXBuildFile; fileRef = C2ECC39E1D6459D00024A257 /* DatabaseAdapter.swift */; };
		C2ECC3A11D6479CB0024A257 /* MovieSearchViewCell.swift in Sources */ = {isa = PBXBuildFile; fileRef = C2ECC3A01D6479CB0024A257 /* MovieSearchViewCell.swift */; };
/* End PBXBuildFile section */

/* Begin PBXContainerItemProxy section */
		C2A25C691D814C8500936BFE /* PBXContainerItemProxy */ = {
			isa = PBXContainerItemProxy;
			containerPortal = C2DE130F1D5DC88B00698C12 /* Project object */;
			proxyType = 1;
			remoteGlobalIDString = C2DE13161D5DC88B00698C12;
			remoteInfo = GoodMovies;
		};
/* End PBXContainerItemProxy section */

/* Begin PBXCopyFilesBuildPhase section */
		C2B596541D7D991400646DD4 /* Embed Frameworks */ = {
			isa = PBXCopyFilesBuildPhase;
			buildActionMask = 2147483647;
			dstPath = "";
			dstSubfolderSpec = 10;
			files = (
			);
			name = "Embed Frameworks";
			runOnlyForDeploymentPostprocessing = 0;
		};
/* End PBXCopyFilesBuildPhase section */

/* Begin PBXFileReference section */
		1FCC0A9B922648FC30320C0F /* Pods_GoodMovies.framework */ = {isa = PBXFileReference; explicitFileType = wrapper.framework; includeInIndex = 0; path = Pods_GoodMovies.framework; sourceTree = BUILT_PRODUCTS_DIR; };
		4E00CDD61D806311002C96F7 /* LoginRegisterRouter.swift */ = {isa = PBXFileReference; fileEncoding = 4; lastKnownFileType = sourcecode.swift; path = LoginRegisterRouter.swift; sourceTree = "<group>"; };
		4E370AB71D6A2F2200C52A16 /* LoadingOverlay.swift */ = {isa = PBXFileReference; fileEncoding = 4; lastKnownFileType = sourcecode.swift; path = LoadingOverlay.swift; sourceTree = "<group>"; };
		4E370AB91D6A3EE000C52A16 /* MovieLoadingTableViewCell.swift */ = {isa = PBXFileReference; fileEncoding = 4; lastKnownFileType = sourcecode.swift; path = MovieLoadingTableViewCell.swift; sourceTree = "<group>"; };
		4E370ABB1D6A4DC300C52A16 /* MovieAllLoadedTableViewCell.swift */ = {isa = PBXFileReference; fileEncoding = 4; lastKnownFileType = sourcecode.swift; path = MovieAllLoadedTableViewCell.swift; sourceTree = "<group>"; };
		4E5EF7C01D75E20D002E1A95 /* SearchUserViewCell.swift */ = {isa = PBXFileReference; fileEncoding = 4; lastKnownFileType = sourcecode.swift; path = SearchUserViewCell.swift; sourceTree = "<group>"; };
		4E88491E1D72EB2F002214FA /* GoogleService-Info.plist */ = {isa = PBXFileReference; fileEncoding = 4; lastKnownFileType = text.plist.xml; path = "GoogleService-Info.plist"; sourceTree = "<group>"; };
		4E8BE38F1D7EEF3B00BA68D2 /* TimelineViewController.swift */ = {isa = PBXFileReference; fileEncoding = 4; lastKnownFileType = sourcecode.swift; path = TimelineViewController.swift; sourceTree = "<group>"; };
		4E8BE3921D7EF04000BA68D2 /* TimelineCell.swift */ = {isa = PBXFileReference; fileEncoding = 4; lastKnownFileType = sourcecode.swift; path = TimelineCell.swift; sourceTree = "<group>"; };
		4E8BE3941D7EFE9800BA68D2 /* TimelineViewModel.swift */ = {isa = PBXFileReference; fileEncoding = 4; lastKnownFileType = sourcecode.swift; path = TimelineViewModel.swift; sourceTree = "<group>"; };
		4E8BE3961D7EFEE300BA68D2 /* TimelineEntry.swift */ = {isa = PBXFileReference; fileEncoding = 4; lastKnownFileType = sourcecode.swift; path = TimelineEntry.swift; sourceTree = "<group>"; };
		4EA4B1FE1D80B8FA0086ACA8 /* BCSColorPicker.swift */ = {isa = PBXFileReference; fileEncoding = 4; lastKnownFileType = sourcecode.swift; path = BCSColorPicker.swift; sourceTree = "<group>"; };
		4EA4B2001D80B9190086ACA8 /* FlatColors.swift */ = {isa = PBXFileReference; fileEncoding = 4; lastKnownFileType = sourcecode.swift; path = FlatColors.swift; sourceTree = "<group>"; };
		4EA4B2021D80C2E40086ACA8 /* ColorExtensions.swift */ = {isa = PBXFileReference; fileEncoding = 4; lastKnownFileType = sourcecode.swift; path = ColorExtensions.swift; sourceTree = "<group>"; };
		4EAA62A61D75B705006C3CFC /* Extensions.swift */ = {isa = PBXFileReference; fileEncoding = 4; lastKnownFileType = sourcecode.swift; path = Extensions.swift; sourceTree = "<group>"; };
		C22624371D6D88D000DEE400 /* UserProfileViewController.swift */ = {isa = PBXFileReference; fileEncoding = 4; lastKnownFileType = sourcecode.swift; path = UserProfileViewController.swift; sourceTree = "<group>"; };
		C226243A1D6D8C3F00DEE400 /* UserProfileInfoViewCell.swift */ = {isa = PBXFileReference; fileEncoding = 4; lastKnownFileType = sourcecode.swift; path = UserProfileInfoViewCell.swift; sourceTree = "<group>"; };
		C226243D1D6D926400DEE400 /* UserProfilePickerCell.swift */ = {isa = PBXFileReference; fileEncoding = 4; lastKnownFileType = sourcecode.swift; path = UserProfilePickerCell.swift; sourceTree = "<group>"; };
		C226243F1D6DA2AE00DEE400 /* UserProfileMovieCell.swift */ = {isa = PBXFileReference; fileEncoding = 4; lastKnownFileType = sourcecode.swift; path = UserProfileMovieCell.swift; sourceTree = "<group>"; };
		C22624411D6DC6F300DEE400 /* User.swift */ = {isa = PBXFileReference; fileEncoding = 4; lastKnownFileType = sourcecode.swift; path = User.swift; sourceTree = "<group>"; };
		C23026A51D7FF097003AAAFF /* TimelineRouter.swift */ = {isa = PBXFileReference; fileEncoding = 4; lastKnownFileType = sourcecode.swift; path = TimelineRouter.swift; sourceTree = "<group>"; };
		C23026AB1D800314003AAAFF /* UserSettingsViewModel.swift */ = {isa = PBXFileReference; fileEncoding = 4; lastKnownFileType = sourcecode.swift; path = UserSettingsViewModel.swift; sourceTree = "<group>"; };
		C23026AD1D80034C003AAAFF /* UserSettingsViewController.swift */ = {isa = PBXFileReference; fileEncoding = 4; lastKnownFileType = sourcecode.swift; path = UserSettingsViewController.swift; sourceTree = "<group>"; };
		C23026B01D801646003AAAFF /* SettingsStandardViewCell.swift */ = {isa = PBXFileReference; fileEncoding = 4; lastKnownFileType = sourcecode.swift; path = SettingsStandardViewCell.swift; sourceTree = "<group>"; };
		C23026B21D80249E003AAAFF /* UserSettingsRouter.swift */ = {isa = PBXFileReference; fileEncoding = 4; lastKnownFileType = sourcecode.swift; path = UserSettingsRouter.swift; sourceTree = "<group>"; };
		C23026B41D80283E003AAAFF /* StorageAdapter.swift */ = {isa = PBXFileReference; fileEncoding = 4; lastKnownFileType = sourcecode.swift; path = StorageAdapter.swift; sourceTree = "<group>"; };
		C2321B1E1D5DCB0600223DBF /* LoginViewController.swift */ = {isa = PBXFileReference; fileEncoding = 4; lastKnownFileType = sourcecode.swift; path = LoginViewController.swift; sourceTree = "<group>"; };
		C2321B201D5DCB1400223DBF /* LoginViewModel.swift */ = {isa = PBXFileReference; fileEncoding = 4; lastKnownFileType = sourcecode.swift; path = LoginViewModel.swift; sourceTree = "<group>"; };
		C2321B241D5DE0C200223DBF /* Structs.swift */ = {isa = PBXFileReference; fileEncoding = 4; lastKnownFileType = sourcecode.swift; path = Structs.swift; sourceTree = "<group>"; };
		C26B14C61D6B207D000C1BD9 /* Base */ = {isa = PBXFileReference; lastKnownFileType = file.storyboard; name = Base; path = Base.lproj/Main.storyboard; sourceTree = "<group>"; };
		C26B14C81D6B21F4000C1BD9 /* MovieInfoTableViewController.swift */ = {isa = PBXFileReference; fileEncoding = 4; lastKnownFileType = sourcecode.swift; path = MovieInfoTableViewController.swift; sourceTree = "<group>"; };
		C281708C1D6EC52800E00408 /* UserProfileViewModel.swift */ = {isa = PBXFileReference; fileEncoding = 4; lastKnownFileType = sourcecode.swift; path = UserProfileViewModel.swift; sourceTree = "<group>"; };
		C281708E1D6EC5B800E00408 /* UserProfileRouter.swift */ = {isa = PBXFileReference; fileEncoding = 4; lastKnownFileType = sourcecode.swift; path = UserProfileRouter.swift; sourceTree = "<group>"; };
		C284D2E91D6B17E000F7B2A3 /* MovieInfoTitleCell.swift */ = {isa = PBXFileReference; fileEncoding = 4; lastKnownFileType = sourcecode.swift; path = MovieInfoTitleCell.swift; sourceTree = "<group>"; };
		C2A25C641D814C8500936BFE /* GoodMoviesTests.xctest */ = {isa = PBXFileReference; explicitFileType = wrapper.cfbundle; includeInIndex = 0; path = GoodMoviesTests.xctest; sourceTree = BUILT_PRODUCTS_DIR; };
		C2A25C681D814C8500936BFE /* Info.plist */ = {isa = PBXFileReference; lastKnownFileType = text.plist.xml; path = Info.plist; sourceTree = "<group>"; };
		C2A25C831D814ED500936BFE /* TimelineTests.swift */ = {isa = PBXFileReference; fileEncoding = 4; lastKnownFileType = sourcecode.swift; path = TimelineTests.swift; sourceTree = "<group>"; };
		C2A25C8D1D815A6900936BFE /* USChangePasswordViewController.swift */ = {isa = PBXFileReference; fileEncoding = 4; lastKnownFileType = sourcecode.swift; path = USChangePasswordViewController.swift; sourceTree = "<group>"; };
		C2A25C8F1D8173CF00936BFE /* USChangeEmailViewController.swift */ = {isa = PBXFileReference; fileEncoding = 4; lastKnownFileType = sourcecode.swift; path = USChangeEmailViewController.swift; sourceTree = "<group>"; };
		C2A25C911D8183A200936BFE /* UserSettingsTests.swift */ = {isa = PBXFileReference; fileEncoding = 4; lastKnownFileType = sourcecode.swift; path = UserSettingsTests.swift; sourceTree = "<group>"; };
		C2A25C931D81869300936BFE /* UserProfileTests.swift */ = {isa = PBXFileReference; fileEncoding = 4; lastKnownFileType = sourcecode.swift; path = UserProfileTests.swift; sourceTree = "<group>"; };
		C2A25C951D818C7500936BFE /* MovieInfoTests.swift */ = {isa = PBXFileReference; fileEncoding = 4; lastKnownFileType = sourcecode.swift; path = MovieInfoTests.swift; sourceTree = "<group>"; };
		C2A25C971D818E6B00936BFE /* SearchTests.swift */ = {isa = PBXFileReference; fileEncoding = 4; lastKnownFileType = sourcecode.swift; path = SearchTests.swift; sourceTree = "<group>"; };
		C2B9CBAC1D6C159C00AF64D1 /* MovieInfoPosterCell.swift */ = {isa = PBXFileReference; fileEncoding = 4; lastKnownFileType = sourcecode.swift; path = MovieInfoPosterCell.swift; sourceTree = "<group>"; };
		C2B9CBAE1D6C227A00AF64D1 /* MovieInfoCreditCell.swift */ = {isa = PBXFileReference; fileEncoding = 4; lastKnownFileType = sourcecode.swift; path = MovieInfoCreditCell.swift; sourceTree = "<group>"; };
		C2B9CBB01D6C2CD100AF64D1 /* MovieInfoPlotCell.swift */ = {isa = PBXFileReference; fileEncoding = 4; lastKnownFileType = sourcecode.swift; path = MovieInfoPlotCell.swift; sourceTree = "<group>"; };
		C2B9CBB21D6C469C00AF64D1 /* MovieInfoNetwork.swift */ = {isa = PBXFileReference; fileEncoding = 4; lastKnownFileType = sourcecode.swift; path = MovieInfoNetwork.swift; sourceTree = "<group>"; };
		C2BF46961D6ACF56006B86D7 /* SearchRouter.swift */ = {isa = PBXFileReference; fileEncoding = 4; lastKnownFileType = sourcecode.swift; path = SearchRouter.swift; sourceTree = "<group>"; };
		C2BF469A1D6AD6CF006B86D7 /* Router.swift */ = {isa = PBXFileReference; fileEncoding = 4; lastKnownFileType = sourcecode.swift; path = Router.swift; sourceTree = "<group>"; };
		C2BF469D1D6AE4C1006B86D7 /* MovieInfoViewModel.swift */ = {isa = PBXFileReference; fileEncoding = 4; lastKnownFileType = sourcecode.swift; path = MovieInfoViewModel.swift; sourceTree = "<group>"; };
		C2BF469F1D6AE4DB006B86D7 /* MovieDetail.swift */ = {isa = PBXFileReference; fileEncoding = 4; lastKnownFileType = sourcecode.swift; path = MovieDetail.swift; sourceTree = "<group>"; };
		C2C3FB991D65806C003863FF /* Presentations.swift */ = {isa = PBXFileReference; fileEncoding = 4; lastKnownFileType = sourcecode.swift; path = Presentations.swift; sourceTree = "<group>"; };
		C2DD76621D61DB8000626786 /* RegisterViewController.swift */ = {isa = PBXFileReference; fileEncoding = 4; lastKnownFileType = sourcecode.swift; path = RegisterViewController.swift; sourceTree = "<group>"; };
		C2DD76641D61DBA300626786 /* RegisterViewModel.swift */ = {isa = PBXFileReference; fileEncoding = 4; lastKnownFileType = sourcecode.swift; path = RegisterViewModel.swift; sourceTree = "<group>"; };
		C2DE13171D5DC88B00698C12 /* GoodMovies.app */ = {isa = PBXFileReference; explicitFileType = wrapper.application; includeInIndex = 0; path = GoodMovies.app; sourceTree = BUILT_PRODUCTS_DIR; };
		C2DE131A1D5DC88C00698C12 /* AppDelegate.swift */ = {isa = PBXFileReference; lastKnownFileType = sourcecode.swift; path = AppDelegate.swift; sourceTree = "<group>"; };
		C2DE13211D5DC88C00698C12 /* Assets.xcassets */ = {isa = PBXFileReference; lastKnownFileType = folder.assetcatalog; path = Assets.xcassets; sourceTree = "<group>"; };
		C2DE13241D5DC88C00698C12 /* Base */ = {isa = PBXFileReference; lastKnownFileType = file.storyboard; name = Base; path = Base.lproj/LaunchScreen.storyboard; sourceTree = "<group>"; };
		C2DE13261D5DC88C00698C12 /* Info.plist */ = {isa = PBXFileReference; lastKnownFileType = text.plist.xml; path = Info.plist; sourceTree = "<group>"; };
		C2E07CA91D66E91F00244D5E /* SearchNetwork.swift */ = {isa = PBXFileReference; fileEncoding = 4; lastKnownFileType = sourcecode.swift; path = SearchNetwork.swift; sourceTree = "<group>"; };
		C2E07CAB1D66E9E300244D5E /* Network.swift */ = {isa = PBXFileReference; fileEncoding = 4; lastKnownFileType = sourcecode.swift; path = Network.swift; sourceTree = "<group>"; };
		C2E627B31D8036BE00E328AD /* PopupMessage.swift */ = {isa = PBXFileReference; fileEncoding = 4; lastKnownFileType = sourcecode.swift; path = PopupMessage.swift; sourceTree = "<group>"; };
		C2E797AB1D62EA13007013CC /* TabsViewController.swift */ = {isa = PBXFileReference; fileEncoding = 4; lastKnownFileType = sourcecode.swift; path = TabsViewController.swift; sourceTree = "<group>"; };
		C2ECC3951D64372F0024A257 /* Movie.swift */ = {isa = PBXFileReference; fileEncoding = 4; lastKnownFileType = sourcecode.swift; path = Movie.swift; sourceTree = "<group>"; };
		C2ECC3981D6438E30024A257 /* SearchViewController.swift */ = {isa = PBXFileReference; fileEncoding = 4; lastKnownFileType = sourcecode.swift; path = SearchViewController.swift; sourceTree = "<group>"; };
		C2ECC39A1D644AC60024A257 /* SearchViewModel.swift */ = {isa = PBXFileReference; fileEncoding = 4; lastKnownFileType = sourcecode.swift; path = SearchViewModel.swift; sourceTree = "<group>"; };
		C2ECC39C1D64580C0024A257 /* UserTransaction.swift */ = {isa = PBXFileReference; fileEncoding = 4; lastKnownFileType = sourcecode.swift; path = UserTransaction.swift; sourceTree = "<group>"; };
		C2ECC39E1D6459D00024A257 /* DatabaseAdapter.swift */ = {isa = PBXFileReference; fileEncoding = 4; lastKnownFileType = sourcecode.swift; path = DatabaseAdapter.swift; sourceTree = "<group>"; };
		C2ECC3A01D6479CB0024A257 /* MovieSearchViewCell.swift */ = {isa = PBXFileReference; fileEncoding = 4; lastKnownFileType = sourcecode.swift; path = MovieSearchViewCell.swift; sourceTree = "<group>"; };
		D7C83C74A5E7466C5C89A854 /* Pods-GoodMovies.release.xcconfig */ = {isa = PBXFileReference; includeInIndex = 1; lastKnownFileType = text.xcconfig; name = "Pods-GoodMovies.release.xcconfig"; path = "Pods/Target Support Files/Pods-GoodMovies/Pods-GoodMovies.release.xcconfig"; sourceTree = "<group>"; };
		F5954CCC9C16E4FA25167333 /* Pods-GoodMovies.debug.xcconfig */ = {isa = PBXFileReference; includeInIndex = 1; lastKnownFileType = text.xcconfig; name = "Pods-GoodMovies.debug.xcconfig"; path = "Pods/Target Support Files/Pods-GoodMovies/Pods-GoodMovies.debug.xcconfig"; sourceTree = "<group>"; };
/* End PBXFileReference section */

/* Begin PBXFrameworksBuildPhase section */
		C2A25C611D814C8500936BFE /* Frameworks */ = {
			isa = PBXFrameworksBuildPhase;
			buildActionMask = 2147483647;
			files = (
			);
			runOnlyForDeploymentPostprocessing = 0;
		};
		C2DE13141D5DC88B00698C12 /* Frameworks */ = {
			isa = PBXFrameworksBuildPhase;
			buildActionMask = 2147483647;
			files = (
				0B214B4C5F5F5F4D6B6BB692 /* Pods_GoodMovies.framework in Frameworks */,
			);
			runOnlyForDeploymentPostprocessing = 0;
		};
/* End PBXFrameworksBuildPhase section */

/* Begin PBXGroup section */
		016A93846236311B6AE17EFB /* Frameworks */ = {
			isa = PBXGroup;
			children = (
				1FCC0A9B922648FC30320C0F /* Pods_GoodMovies.framework */,
			);
			name = Frameworks;
			sourceTree = "<group>";
		};
		211BEFE5A39CA8628FB42741 /* Pods */ = {
			isa = PBXGroup;
			children = (
				F5954CCC9C16E4FA25167333 /* Pods-GoodMovies.debug.xcconfig */,
				D7C83C74A5E7466C5C89A854 /* Pods-GoodMovies.release.xcconfig */,
			);
			name = Pods;
			sourceTree = "<group>";
		};
		4E370ABD1D6A55E300C52A16 /* Cells */ = {
			isa = PBXGroup;
			children = (
				C2ECC3A01D6479CB0024A257 /* MovieSearchViewCell.swift */,
				4E370AB91D6A3EE000C52A16 /* MovieLoadingTableViewCell.swift */,
				4E370ABB1D6A4DC300C52A16 /* MovieAllLoadedTableViewCell.swift */,
				4E5EF7C01D75E20D002E1A95 /* SearchUserViewCell.swift */,
			);
			name = Cells;
			sourceTree = "<group>";
		};
		4E8BE3911D7EF01500BA68D2 /* Timeline */ = {
			isa = PBXGroup;
			children = (
				4E8BE38F1D7EEF3B00BA68D2 /* TimelineViewController.swift */,
				4E8BE3941D7EFE9800BA68D2 /* TimelineViewModel.swift */,
				C23026A51D7FF097003AAAFF /* TimelineRouter.swift */,
				4E8BE3921D7EF04000BA68D2 /* TimelineCell.swift */,
			);
			name = Timeline;
			sourceTree = "<group>";
		};
		4EA4B2041D80DFDC0086ACA8 /* Adapters */ = {
			isa = PBXGroup;
			children = (
				C2ECC39C1D64580C0024A257 /* UserTransaction.swift */,
				C2ECC39E1D6459D00024A257 /* DatabaseAdapter.swift */,
				C23026B41D80283E003AAAFF /* StorageAdapter.swift */,
			);
			name = Adapters;
			sourceTree = "<group>";
		};
		C22624391D6D88DE00DEE400 /* UserProfile */ = {
			isa = PBXGroup;
			children = (
				C22624371D6D88D000DEE400 /* UserProfileViewController.swift */,
				C281708C1D6EC52800E00408 /* UserProfileViewModel.swift */,
				C281708E1D6EC5B800E00408 /* UserProfileRouter.swift */,
				C226243C1D6D8C4400DEE400 /* Cells */,
			);
			name = UserProfile;
			sourceTree = "<group>";
		};
		C226243C1D6D8C4400DEE400 /* Cells */ = {
			isa = PBXGroup;
			children = (
				C226243A1D6D8C3F00DEE400 /* UserProfileInfoViewCell.swift */,
				C226243D1D6D926400DEE400 /* UserProfilePickerCell.swift */,
				C226243F1D6DA2AE00DEE400 /* UserProfileMovieCell.swift */,
			);
			name = Cells;
			sourceTree = "<group>";
		};
		C23026A81D7FFE16003AAAFF /* UserSettings */ = {
			isa = PBXGroup;
			children = (
				C23026AD1D80034C003AAAFF /* UserSettingsViewController.swift */,
				C23026AB1D800314003AAAFF /* UserSettingsViewModel.swift */,
				C23026B21D80249E003AAAFF /* UserSettingsRouter.swift */,
				C2A25C8C1D815A4100936BFE /* Subs */,
				C23026AF1D80160B003AAAFF /* Cells */,
			);
			name = UserSettings;
			sourceTree = "<group>";
		};
		C23026AF1D80160B003AAAFF /* Cells */ = {
			isa = PBXGroup;
			children = (
				C23026B01D801646003AAAFF /* SettingsStandardViewCell.swift */,
			);
			name = Cells;
			sourceTree = "<group>";
		};
		C2619F0D1D63371F002FBF1B /* LoginRegister */ = {
			isa = PBXGroup;
			children = (
				C2321B1E1D5DCB0600223DBF /* LoginViewController.swift */,
				C2321B201D5DCB1400223DBF /* LoginViewModel.swift */,
				C2DD76621D61DB8000626786 /* RegisterViewController.swift */,
				C2DD76641D61DBA300626786 /* RegisterViewModel.swift */,
				4E00CDD61D806311002C96F7 /* LoginRegisterRouter.swift */,
			);
			name = LoginRegister;
			sourceTree = "<group>";
		};
		C284D2EB1D6B182500F7B2A3 /* MovieInfo */ = {
			isa = PBXGroup;
			children = (
				C26B14C81D6B21F4000C1BD9 /* MovieInfoTableViewController.swift */,
				C2BF469D1D6AE4C1006B86D7 /* MovieInfoViewModel.swift */,
				C2B9CBB21D6C469C00AF64D1 /* MovieInfoNetwork.swift */,
				C284D2EC1D6B183200F7B2A3 /* Cells */,
			);
			name = MovieInfo;
			sourceTree = "<group>";
		};
		C284D2EC1D6B183200F7B2A3 /* Cells */ = {
			isa = PBXGroup;
			children = (
				C284D2E91D6B17E000F7B2A3 /* MovieInfoTitleCell.swift */,
				C2B9CBAC1D6C159C00AF64D1 /* MovieInfoPosterCell.swift */,
				C2B9CBAE1D6C227A00AF64D1 /* MovieInfoCreditCell.swift */,
				C2B9CBB01D6C2CD100AF64D1 /* MovieInfoPlotCell.swift */,
			);
			name = Cells;
			sourceTree = "<group>";
		};
		C2A25C651D814C8500936BFE /* GoodMoviesTests */ = {
			isa = PBXGroup;
			children = (
				C2A25C681D814C8500936BFE /* Info.plist */,
				C2A25C831D814ED500936BFE /* TimelineTests.swift */,
				C2A25C911D8183A200936BFE /* UserSettingsTests.swift */,
				C2A25C931D81869300936BFE /* UserProfileTests.swift */,
				C2A25C951D818C7500936BFE /* MovieInfoTests.swift */,
				C2A25C971D818E6B00936BFE /* SearchTests.swift */,
				C2DE13181D5DC88B00698C12 /* Products */,
			);
			path = GoodMoviesTests;
			sourceTree = "<group>";
		};
		C2A25C8C1D815A4100936BFE /* Subs */ = {
			isa = PBXGroup;
			children = (
				C2A25C8D1D815A6900936BFE /* USChangePasswordViewController.swift */,
				C2A25C8F1D8173CF00936BFE /* USChangeEmailViewController.swift */,
			);
			name = Subs;
			sourceTree = "<group>";
		};
		C2BF469C1D6AD745006B86D7 /* Protocols */ = {
			isa = PBXGroup;
			children = (
				C2E07CAB1D66E9E300244D5E /* Network.swift */,
				C2BF469A1D6AD6CF006B86D7 /* Router.swift */,
			);
			name = Protocols;
			sourceTree = "<group>";
		};
		C2DE130E1D5DC88B00698C12 = {
			isa = PBXGroup;
			children = (
				C2DE13191D5DC88B00698C12 /* GoodMovies */,
				C2A25C651D814C8500936BFE /* GoodMoviesTests */,
				211BEFE5A39CA8628FB42741 /* Pods */,
				016A93846236311B6AE17EFB /* Frameworks */,
			);
			sourceTree = "<group>";
		};
		C2DE13181D5DC88B00698C12 /* Products */ = {
			isa = PBXGroup;
			children = (
				C2DE13171D5DC88B00698C12 /* GoodMovies.app */,
				C2A25C641D814C8500936BFE /* GoodMoviesTests.xctest */,
			);
			name = Products;
			path = ..;
			sourceTree = "<group>";
		};
		C2DE13191D5DC88B00698C12 /* GoodMovies */ = {
			isa = PBXGroup;
			children = (
				C2DE131A1D5DC88C00698C12 /* AppDelegate.swift */,
				C26B14C51D6B207D000C1BD9 /* Main.storyboard */,
				C2DE13211D5DC88C00698C12 /* Assets.xcassets */,
				C2DE13231D5DC88C00698C12 /* LaunchScreen.storyboard */,
				C2DE13261D5DC88C00698C12 /* Info.plist */,
				4E88491E1D72EB2F002214FA /* GoogleService-Info.plist */,
				4EA4B2041D80DFDC0086ACA8 /* Adapters */,
				C2BF469C1D6AD745006B86D7 /* Protocols */,
				C2ECC3971D6437570024A257 /* DataModels */,
				C2619F0D1D63371F002FBF1B /* LoginRegister */,
				C2E797AB1D62EA13007013CC /* TabsViewController.swift */,
				C2ECC3A21D6479DF0024A257 /* Search */,
				C284D2EB1D6B182500F7B2A3 /* MovieInfo */,
				C23026A81D7FFE16003AAAFF /* UserSettings */,
				C22624391D6D88DE00DEE400 /* UserProfile */,
				4E8BE3911D7EF01500BA68D2 /* Timeline */,
			);
			path = GoodMovies;
			sourceTree = "<group>";
		};
		C2ECC3971D6437570024A257 /* DataModels */ = {
			isa = PBXGroup;
			children = (
				4EA4B1FE1D80B8FA0086ACA8 /* BCSColorPicker.swift */,
				4EA4B2001D80B9190086ACA8 /* FlatColors.swift */,
				C2321B241D5DE0C200223DBF /* Structs.swift */,
				C2ECC3951D64372F0024A257 /* Movie.swift */,
				C2C3FB991D65806C003863FF /* Presentations.swift */,
				C2BF469F1D6AE4DB006B86D7 /* MovieDetail.swift */,
				C22624411D6DC6F300DEE400 /* User.swift */,
				4EAA62A61D75B705006C3CFC /* Extensions.swift */,
				4E8BE3961D7EFEE300BA68D2 /* TimelineEntry.swift */,
				4E370AB71D6A2F2200C52A16 /* LoadingOverlay.swift */,
				C2E627B31D8036BE00E328AD /* PopupMessage.swift */,
				4EA4B2021D80C2E40086ACA8 /* ColorExtensions.swift */,
			);
			name = DataModels;
			sourceTree = "<group>";
		};
		C2ECC3A21D6479DF0024A257 /* Search */ = {
			isa = PBXGroup;
			children = (
				C2ECC3981D6438E30024A257 /* SearchViewController.swift */,
				C2ECC39A1D644AC60024A257 /* SearchViewModel.swift */,
				C2E07CA91D66E91F00244D5E /* SearchNetwork.swift */,
				C2BF46961D6ACF56006B86D7 /* SearchRouter.swift */,
				4E370ABD1D6A55E300C52A16 /* Cells */,
			);
			name = Search;
			sourceTree = "<group>";
		};
/* End PBXGroup section */

/* Begin PBXNativeTarget section */
		C2A25C631D814C8500936BFE /* GoodMoviesTests */ = {
			isa = PBXNativeTarget;
			buildConfigurationList = C2A25C6B1D814C8500936BFE /* Build configuration list for PBXNativeTarget "GoodMoviesTests" */;
			buildPhases = (
				C2A25C601D814C8500936BFE /* Sources */,
				C2A25C611D814C8500936BFE /* Frameworks */,
				C2A25C621D814C8500936BFE /* Resources */,
			);
			buildRules = (
			);
			dependencies = (
				C2A25C6A1D814C8500936BFE /* PBXTargetDependency */,
			);
			name = GoodMoviesTests;
			productName = GoodMoviesTests;
			productReference = C2A25C641D814C8500936BFE /* GoodMoviesTests.xctest */;
			productType = "com.apple.product-type.bundle.unit-test";
		};
		C2DE13161D5DC88B00698C12 /* GoodMovies */ = {
			isa = PBXNativeTarget;
			buildConfigurationList = C2DE13291D5DC88C00698C12 /* Build configuration list for PBXNativeTarget "GoodMovies" */;
			buildPhases = (
				720477FCEC2684AC1D57B0BC /* [CP] Check Pods Manifest.lock */,
				C2DE13131D5DC88B00698C12 /* Sources */,
				C2DE13141D5DC88B00698C12 /* Frameworks */,
				C2DE13151D5DC88B00698C12 /* Resources */,
				546DB8D9E9271057332C0947 /* [CP] Embed Pods Frameworks */,
				0C1D1D3F50E4D8A5D09E394A /* [CP] Copy Pods Resources */,
				C2B596541D7D991400646DD4 /* Embed Frameworks */,
			);
			buildRules = (
			);
			dependencies = (
			);
			name = GoodMovies;
			productName = GoodMovies;
			productReference = C2DE13171D5DC88B00698C12 /* GoodMovies.app */;
			productType = "com.apple.product-type.application";
		};
/* End PBXNativeTarget section */

/* Begin PBXProject section */
		C2DE130F1D5DC88B00698C12 /* Project object */ = {
			isa = PBXProject;
			attributes = {
				LastSwiftUpdateCheck = 0730;
				LastUpgradeCheck = 0730;
				ORGANIZATIONNAME = "Bugra Sefercik";
				TargetAttributes = {
					C2A25C631D814C8500936BFE = {
						CreatedOnToolsVersion = 7.3.1;
						DevelopmentTeam = W77VB7SU8E;
						TestTargetID = C2DE13161D5DC88B00698C12;
					};
					C2DE13161D5DC88B00698C12 = {
						CreatedOnToolsVersion = 7.3.1;
						DevelopmentTeam = W77VB7SU8E;
					};
				};
			};
			buildConfigurationList = C2DE13121D5DC88B00698C12 /* Build configuration list for PBXProject "GoodMovies" */;
			compatibilityVersion = "Xcode 3.2";
			developmentRegion = English;
			hasScannedForEncodings = 0;
			knownRegions = (
				en,
				Base,
			);
			mainGroup = C2DE130E1D5DC88B00698C12;
			productRefGroup = C2DE13181D5DC88B00698C12 /* Products */;
			projectDirPath = "";
			projectRoot = "";
			targets = (
				C2DE13161D5DC88B00698C12 /* GoodMovies */,
				C2A25C631D814C8500936BFE /* GoodMoviesTests */,
			);
		};
/* End PBXProject section */

/* Begin PBXResourcesBuildPhase section */
		C2A25C621D814C8500936BFE /* Resources */ = {
			isa = PBXResourcesBuildPhase;
			buildActionMask = 2147483647;
			files = (
			);
			runOnlyForDeploymentPostprocessing = 0;
		};
		C2DE13151D5DC88B00698C12 /* Resources */ = {
			isa = PBXResourcesBuildPhase;
			buildActionMask = 2147483647;
			files = (
				C2DE13251D5DC88C00698C12 /* LaunchScreen.storyboard in Resources */,
				C26B14C71D6B207D000C1BD9 /* Main.storyboard in Resources */,
				C2DE13221D5DC88C00698C12 /* Assets.xcassets in Resources */,
				4E88491F1D72EB2F002214FA /* GoogleService-Info.plist in Resources */,
			);
			runOnlyForDeploymentPostprocessing = 0;
		};
/* End PBXResourcesBuildPhase section */

/* Begin PBXShellScriptBuildPhase section */
		0C1D1D3F50E4D8A5D09E394A /* [CP] Copy Pods Resources */ = {
			isa = PBXShellScriptBuildPhase;
			buildActionMask = 2147483647;
			files = (
			);
			inputPaths = (
			);
			name = "[CP] Copy Pods Resources";
			outputPaths = (
			);
			runOnlyForDeploymentPostprocessing = 0;
			shellPath = /bin/sh;
			shellScript = "\"${SRCROOT}/Pods/Target Support Files/Pods-GoodMovies/Pods-GoodMovies-resources.sh\"\n";
			showEnvVarsInLog = 0;
		};
		546DB8D9E9271057332C0947 /* [CP] Embed Pods Frameworks */ = {
			isa = PBXShellScriptBuildPhase;
			buildActionMask = 2147483647;
			files = (
			);
			inputPaths = (
			);
			name = "[CP] Embed Pods Frameworks";
			outputPaths = (
			);
			runOnlyForDeploymentPostprocessing = 0;
			shellPath = /bin/sh;
			shellScript = "\"${SRCROOT}/Pods/Target Support Files/Pods-GoodMovies/Pods-GoodMovies-frameworks.sh\"\n";
			showEnvVarsInLog = 0;
		};
		720477FCEC2684AC1D57B0BC /* [CP] Check Pods Manifest.lock */ = {
			isa = PBXShellScriptBuildPhase;
			buildActionMask = 2147483647;
			files = (
			);
			inputPaths = (
			);
			name = "[CP] Check Pods Manifest.lock";
			outputPaths = (
			);
			runOnlyForDeploymentPostprocessing = 0;
			shellPath = /bin/sh;
			shellScript = "diff \"${PODS_ROOT}/../Podfile.lock\" \"${PODS_ROOT}/Manifest.lock\" > /dev/null\nif [[ $? != 0 ]] ; then\n    cat << EOM\nerror: The sandbox is not in sync with the Podfile.lock. Run 'pod install' or update your CocoaPods installation.\nEOM\n    exit 1\nfi\n";
			showEnvVarsInLog = 0;
		};
/* End PBXShellScriptBuildPhase section */

/* Begin PBXSourcesBuildPhase section */
		C2A25C601D814C8500936BFE /* Sources */ = {
			isa = PBXSourcesBuildPhase;
			buildActionMask = 2147483647;
			files = (
				C2A25C941D81869300936BFE /* UserProfileTests.swift in Sources */,
				C2A25C8B1D81503500936BFE /* TimelineTests.swift in Sources */,
				C2A25C981D818E6B00936BFE /* SearchTests.swift in Sources */,
				C2A25C961D818C7500936BFE /* MovieInfoTests.swift in Sources */,
				C2A25C921D8183A200936BFE /* UserSettingsTests.swift in Sources */,
			);
			runOnlyForDeploymentPostprocessing = 0;
		};
		C2DE13131D5DC88B00698C12 /* Sources */ = {
			isa = PBXSourcesBuildPhase;
			buildActionMask = 2147483647;
			files = (
				C2321B251D5DE0C200223DBF /* Structs.swift in Sources */,
				C2321B1F1D5DCB0600223DBF /* LoginViewController.swift in Sources */,
				C2A25C901D8173CF00936BFE /* USChangeEmailViewController.swift in Sources */,
				C2DD76631D61DB8000626786 /* RegisterViewController.swift in Sources */,
				C2ECC3991D6438E30024A257 /* SearchViewController.swift in Sources */,
				4EA4B1FF1D80B8FA0086ACA8 /* BCSColorPicker.swift in Sources */,
				4E8BE3971D7EFEE300BA68D2 /* TimelineEntry.swift in Sources */,
				4E8BE3901D7EEF3B00BA68D2 /* TimelineViewController.swift in Sources */,
				C23026B11D801646003AAAFF /* SettingsStandardViewCell.swift in Sources */,
				C284D2EA1D6B17E000F7B2A3 /* MovieInfoTitleCell.swift in Sources */,
				C2B9CBAD1D6C159C00AF64D1 /* MovieInfoPosterCell.swift in Sources */,
				C2DE131B1D5DC88C00698C12 /* AppDelegate.swift in Sources */,
				4EAA62A71D75B705006C3CFC /* Extensions.swift in Sources */,
				C2E07CAA1D66E91F00244D5E /* SearchNetwork.swift in Sources */,
				C2ECC39D1D64580C0024A257 /* UserTransaction.swift in Sources */,
				C2ECC39F1D6459D00024A257 /* DatabaseAdapter.swift in Sources */,
				C2ECC3961D64372F0024A257 /* Movie.swift in Sources */,
				C23026B51D80283E003AAAFF /* StorageAdapter.swift in Sources */,
				C226243B1D6D8C3F00DEE400 /* UserProfileInfoViewCell.swift in Sources */,
				4E00CDD71D806311002C96F7 /* LoginRegisterRouter.swift in Sources */,
				C2A25C881D814F9700936BFE /* TimelineViewModel.swift in Sources */,
				4E8BE3931D7EF04000BA68D2 /* TimelineCell.swift in Sources */,
				C2A25C8E1D815A6900936BFE /* USChangePasswordViewController.swift in Sources */,
				C281708D1D6EC52800E00408 /* UserProfileViewModel.swift in Sources */,
				4EA4B2011D80B9190086ACA8 /* FlatColors.swift in Sources */,
				C2E07CAC1D66E9E300244D5E /* Network.swift in Sources */,
				4EA4B2031D80C2E40086ACA8 /* ColorExtensions.swift in Sources */,
				C2BF469B1D6AD6CF006B86D7 /* Router.swift in Sources */,
				C23026B31D80249E003AAAFF /* UserSettingsRouter.swift in Sources */,
				C226243E1D6D926400DEE400 /* UserProfilePickerCell.swift in Sources */,
				C23026AC1D800314003AAAFF /* UserSettingsViewModel.swift in Sources */,
				4E370AB81D6A2F2200C52A16 /* LoadingOverlay.swift in Sources */,
				C2321B211D5DCB1400223DBF /* LoginViewModel.swift in Sources */,
				C2BF46A01D6AE4DB006B86D7 /* MovieDetail.swift in Sources */,
				C2BF469E1D6AE4C1006B86D7 /* MovieInfoViewModel.swift in Sources */,
				C2DD76651D61DBA300626786 /* RegisterViewModel.swift in Sources */,
				4E370ABA1D6A3EE000C52A16 /* MovieLoadingTableViewCell.swift in Sources */,
				C2E797AC1D62EA13007013CC /* TabsViewController.swift in Sources */,
				C22624421D6DC6F300DEE400 /* User.swift in Sources */,
				C2B9CBAF1D6C227A00AF64D1 /* MovieInfoCreditCell.swift in Sources */,
				C23026A61D7FF097003AAAFF /* TimelineRouter.swift in Sources */,
				C2BF46971D6ACF56006B86D7 /* SearchRouter.swift in Sources */,
				C23026AE1D80034C003AAAFF /* UserSettingsViewController.swift in Sources */,
				C22624401D6DA2AE00DEE400 /* UserProfileMovieCell.swift in Sources */,
				C2B9CBB31D6C469C00AF64D1 /* MovieInfoNetwork.swift in Sources */,
				C2C3FB9A1D65806C003863FF /* Presentations.swift in Sources */,
				4E370ABC1D6A4DC300C52A16 /* MovieAllLoadedTableViewCell.swift in Sources */,
				C2E627B41D8036BE00E328AD /* PopupMessage.swift in Sources */,
				C2ECC3A11D6479CB0024A257 /* MovieSearchViewCell.swift in Sources */,
				C26B14C91D6B21F4000C1BD9 /* MovieInfoTableViewController.swift in Sources */,
				C2B9CBB11D6C2CD100AF64D1 /* MovieInfoPlotCell.swift in Sources */,
				4E5EF7C11D75E20D002E1A95 /* SearchUserViewCell.swift in Sources */,
				C2ECC39B1D644AC60024A257 /* SearchViewModel.swift in Sources */,
				C22624381D6D88D000DEE400 /* UserProfileViewController.swift in Sources */,
				C281708F1D6EC5B800E00408 /* UserProfileRouter.swift in Sources */,
			);
			runOnlyForDeploymentPostprocessing = 0;
		};
/* End PBXSourcesBuildPhase section */

/* Begin PBXTargetDependency section */
		C2A25C6A1D814C8500936BFE /* PBXTargetDependency */ = {
			isa = PBXTargetDependency;
			target = C2DE13161D5DC88B00698C12 /* GoodMovies */;
			targetProxy = C2A25C691D814C8500936BFE /* PBXContainerItemProxy */;
		};
/* End PBXTargetDependency section */

/* Begin PBXVariantGroup section */
		C26B14C51D6B207D000C1BD9 /* Main.storyboard */ = {
			isa = PBXVariantGroup;
			children = (
				C26B14C61D6B207D000C1BD9 /* Base */,
			);
			name = Main.storyboard;
			sourceTree = "<group>";
		};
		C2DE13231D5DC88C00698C12 /* LaunchScreen.storyboard */ = {
			isa = PBXVariantGroup;
			children = (
				C2DE13241D5DC88C00698C12 /* Base */,
			);
			name = LaunchScreen.storyboard;
			sourceTree = "<group>";
		};
/* End PBXVariantGroup section */

/* Begin XCBuildConfiguration section */
		C2A25C6C1D814C8500936BFE /* Debug */ = {
			isa = XCBuildConfiguration;
			buildSettings = {
				BUNDLE_LOADER = "$(TEST_HOST)";
				HEADER_SEARCH_PATHS = "$(SRCROOT)/Pods/**";
				INFOPLIST_FILE = GoodMoviesTests/Info.plist;
				LD_RUNPATH_SEARCH_PATHS = "$(inherited) @executable_path/Frameworks @loader_path/Frameworks";
				PRODUCT_BUNDLE_IDENTIFIER = bcs.GoodMoviesTests;
				PRODUCT_NAME = "$(TARGET_NAME)";
				TEST_HOST = "$(BUILT_PRODUCTS_DIR)/GoodMovies.app/GoodMovies";
			};
			name = Debug;
		};
		C2A25C6D1D814C8500936BFE /* Release */ = {
			isa = XCBuildConfiguration;
			buildSettings = {
				BUNDLE_LOADER = "$(TEST_HOST)";
				HEADER_SEARCH_PATHS = "$(SRCROOT)/Pods/**";
				INFOPLIST_FILE = GoodMoviesTests/Info.plist;
				LD_RUNPATH_SEARCH_PATHS = "$(inherited) @executable_path/Frameworks @loader_path/Frameworks";
				PRODUCT_BUNDLE_IDENTIFIER = bcs.GoodMoviesTests;
				PRODUCT_NAME = "$(TARGET_NAME)";
				TEST_HOST = "$(BUILT_PRODUCTS_DIR)/GoodMovies.app/GoodMovies";
			};
			name = Release;
		};
		C2DE13271D5DC88C00698C12 /* Debug */ = {
			isa = XCBuildConfiguration;
			buildSettings = {
				ALWAYS_SEARCH_USER_PATHS = NO;
				CLANG_ANALYZER_NONNULL = YES;
				CLANG_CXX_LANGUAGE_STANDARD = "gnu++0x";
				CLANG_CXX_LIBRARY = "libc++";
				CLANG_ENABLE_MODULES = YES;
				CLANG_ENABLE_OBJC_ARC = YES;
				CLANG_WARN_BOOL_CONVERSION = YES;
				CLANG_WARN_CONSTANT_CONVERSION = YES;
				CLANG_WARN_DIRECT_OBJC_ISA_USAGE = YES_ERROR;
				CLANG_WARN_EMPTY_BODY = YES;
				CLANG_WARN_ENUM_CONVERSION = YES;
				CLANG_WARN_INT_CONVERSION = YES;
				CLANG_WARN_OBJC_ROOT_CLASS = YES_ERROR;
				CLANG_WARN_UNREACHABLE_CODE = YES;
				CLANG_WARN__DUPLICATE_METHOD_MATCH = YES;
				"CODE_SIGN_IDENTITY[sdk=iphoneos*]" = "iPhone Developer";
				COPY_PHASE_STRIP = NO;
				DEBUG_INFORMATION_FORMAT = dwarf;
				ENABLE_STRICT_OBJC_MSGSEND = YES;
				ENABLE_TESTABILITY = YES;
				GCC_C_LANGUAGE_STANDARD = gnu99;
				GCC_DYNAMIC_NO_PIC = NO;
				GCC_NO_COMMON_BLOCKS = YES;
				GCC_OPTIMIZATION_LEVEL = 0;
				GCC_PREPROCESSOR_DEFINITIONS = (
					"DEBUG=1",
					"$(inherited)",
				);
				GCC_WARN_64_TO_32_BIT_CONVERSION = YES;
				GCC_WARN_ABOUT_RETURN_TYPE = YES_ERROR;
				GCC_WARN_UNDECLARED_SELECTOR = YES;
				GCC_WARN_UNINITIALIZED_AUTOS = YES_AGGRESSIVE;
				GCC_WARN_UNUSED_FUNCTION = YES;
				GCC_WARN_UNUSED_VARIABLE = YES;
				IPHONEOS_DEPLOYMENT_TARGET = 9.3;
				MTL_ENABLE_DEBUG_INFO = YES;
				ONLY_ACTIVE_ARCH = YES;
				SDKROOT = iphoneos;
				SWIFT_OPTIMIZATION_LEVEL = "-Onone";
			};
			name = Debug;
		};
		C2DE13281D5DC88C00698C12 /* Release */ = {
			isa = XCBuildConfiguration;
			buildSettings = {
				ALWAYS_SEARCH_USER_PATHS = NO;
				CLANG_ANALYZER_NONNULL = YES;
				CLANG_CXX_LANGUAGE_STANDARD = "gnu++0x";
				CLANG_CXX_LIBRARY = "libc++";
				CLANG_ENABLE_MODULES = YES;
				CLANG_ENABLE_OBJC_ARC = YES;
				CLANG_WARN_BOOL_CONVERSION = YES;
				CLANG_WARN_CONSTANT_CONVERSION = YES;
				CLANG_WARN_DIRECT_OBJC_ISA_USAGE = YES_ERROR;
				CLANG_WARN_EMPTY_BODY = YES;
				CLANG_WARN_ENUM_CONVERSION = YES;
				CLANG_WARN_INT_CONVERSION = YES;
				CLANG_WARN_OBJC_ROOT_CLASS = YES_ERROR;
				CLANG_WARN_UNREACHABLE_CODE = YES;
				CLANG_WARN__DUPLICATE_METHOD_MATCH = YES;
				"CODE_SIGN_IDENTITY[sdk=iphoneos*]" = "iPhone Developer";
				COPY_PHASE_STRIP = NO;
				DEBUG_INFORMATION_FORMAT = "dwarf-with-dsym";
				ENABLE_NS_ASSERTIONS = NO;
				ENABLE_STRICT_OBJC_MSGSEND = YES;
				GCC_C_LANGUAGE_STANDARD = gnu99;
				GCC_NO_COMMON_BLOCKS = YES;
				GCC_WARN_64_TO_32_BIT_CONVERSION = YES;
				GCC_WARN_ABOUT_RETURN_TYPE = YES_ERROR;
				GCC_WARN_UNDECLARED_SELECTOR = YES;
				GCC_WARN_UNINITIALIZED_AUTOS = YES_AGGRESSIVE;
				GCC_WARN_UNUSED_FUNCTION = YES;
				GCC_WARN_UNUSED_VARIABLE = YES;
				IPHONEOS_DEPLOYMENT_TARGET = 9.3;
				MTL_ENABLE_DEBUG_INFO = NO;
				SDKROOT = iphoneos;
				VALIDATE_PRODUCT = YES;
			};
			name = Release;
		};
		C2DE132A1D5DC88C00698C12 /* Debug */ = {
			isa = XCBuildConfiguration;
			baseConfigurationReference = F5954CCC9C16E4FA25167333 /* Pods-GoodMovies.debug.xcconfig */;
			buildSettings = {
				ASSETCATALOG_COMPILER_APPICON_NAME = AppIcon;
				CODE_SIGN_IDENTITY = "iPhone Developer";
				INFOPLIST_FILE = GoodMovies/Info.plist;
				LD_RUNPATH_SEARCH_PATHS = "$(inherited) @executable_path/Frameworks";
				PRODUCT_BUNDLE_IDENTIFIER = bcs.mymovies;
				PRODUCT_NAME = "$(TARGET_NAME)";
			};
			name = Debug;
		};
		C2DE132B1D5DC88C00698C12 /* Release */ = {
			isa = XCBuildConfiguration;
			baseConfigurationReference = D7C83C74A5E7466C5C89A854 /* Pods-GoodMovies.release.xcconfig */;
			buildSettings = {
				ASSETCATALOG_COMPILER_APPICON_NAME = AppIcon;
				CODE_SIGN_IDENTITY = "iPhone Developer";
				INFOPLIST_FILE = GoodMovies/Info.plist;
				LD_RUNPATH_SEARCH_PATHS = "$(inherited) @executable_path/Frameworks";
				PRODUCT_BUNDLE_IDENTIFIER = bcs.mymovies;
				PRODUCT_NAME = "$(TARGET_NAME)";
			};
			name = Release;
		};
/* End XCBuildConfiguration section */

/* Begin XCConfigurationList section */
		C2A25C6B1D814C8500936BFE /* Build configuration list for PBXNativeTarget "GoodMoviesTests" */ = {
			isa = XCConfigurationList;
			buildConfigurations = (
				C2A25C6C1D814C8500936BFE /* Debug */,
				C2A25C6D1D814C8500936BFE /* Release */,
			);
			defaultConfigurationIsVisible = 0;
		};
		C2DE13121D5DC88B00698C12 /* Build configuration list for PBXProject "GoodMovies" */ = {
			isa = XCConfigurationList;
			buildConfigurations = (
				C2DE13271D5DC88C00698C12 /* Debug */,
				C2DE13281D5DC88C00698C12 /* Release */,
			);
			defaultConfigurationIsVisible = 0;
			defaultConfigurationName = Release;
		};
		C2DE13291D5DC88C00698C12 /* Build configuration list for PBXNativeTarget "GoodMovies" */ = {
			isa = XCConfigurationList;
			buildConfigurations = (
				C2DE132A1D5DC88C00698C12 /* Debug */,
				C2DE132B1D5DC88C00698C12 /* Release */,
			);
			defaultConfigurationIsVisible = 0;
			defaultConfigurationName = Release;
		};
/* End XCConfigurationList section */
	};
	rootObject = C2DE130F1D5DC88B00698C12 /* Project object */;
}
